
Microsoft Visual Studio Solution File, Format Version 12.00
# Visual Studio Version 17
VisualStudioVersion = 17.0.31919.166
MinimumVisualStudioVersion = 10.0.40219.1
Project("{FAE04EC0-301F-11D3-BF4B-00C04F79EFBC}") = "ArraysExercise", "ArraysExercise\ArraysExercise.csproj", "{267E6067-3997-4497-B511-49F490BEB15D}"
EndProject
Global
	GlobalSection(SolutionConfigurationPlatforms) = preSolution
		Debug|Any CPU = Debug|Any CPU
		Release|Any CPU = Release|Any CPU
	EndGlobalSection
	GlobalSection(ProjectConfigurationPlatforms) = postSolution
		{267E6067-3997-4497-B511-49F490BEB15D}.Debug|Any CPU.ActiveCfg = Debug|Any CPU
		{267E6067-3997-4497-B511-49F490BEB15D}.Debug|Any CPU.Build.0 = Debug|Any CPU
		{267E6067-3997-4497-B511-49F490BEB15D}.Release|Any CPU.ActiveCfg = Release|Any CPU
		{267E6067-3997-4497-B511-49F490BEB15D}.Release|Any CPU.Build.0 = Release|Any CPU
	EndGlobalSection
	GlobalSection(SolutionProperties) = preSolution
		HideSolutionNode = FALSE
	EndGlobalSection
	GlobalSection(ExtensibilityGlobals) = postSolution
		SolutionGuid = {A9CC6CE4-33F9-4100-8F7F-05F5B1431CD3}
	EndGlobalSection
EndGlobal
