
Microsoft Visual Studio Solution File, Format Version 12.00
# Visual Studio Version 17
VisualStudioVersion = 17.0.31919.166
MinimumVisualStudioVersion = 10.0.40219.1
Project("{FAE04EC0-301F-11D3-BF4B-00C04F79EFBC}") = "BubbleSort", "BubbleSort\BubbleSort.csproj", "{A9964B7C-495B-49A9-B786-FF695D30FEB7}"
EndProject
Global
	GlobalSection(SolutionConfigurationPlatforms) = preSolution
		Debug|Any CPU = Debug|Any CPU
		Release|Any CPU = Release|Any CPU
	EndGlobalSection
	GlobalSection(ProjectConfigurationPlatforms) = postSolution
		{A9964B7C-495B-49A9-B786-FF695D30FEB7}.Debug|Any CPU.ActiveCfg = Debug|Any CPU
		{A9964B7C-495B-49A9-B786-FF695D30FEB7}.Debug|Any CPU.Build.0 = Debug|Any CPU
		{A9964B7C-495B-49A9-B786-FF695D30FEB7}.Release|Any CPU.ActiveCfg = Release|Any CPU
		{A9964B7C-495B-49A9-B786-FF695D30FEB7}.Release|Any CPU.Build.0 = Release|Any CPU
	EndGlobalSection
	GlobalSection(SolutionProperties) = preSolution
		HideSolutionNode = FALSE
	EndGlobalSection
	GlobalSection(ExtensibilityGlobals) = postSolution
		SolutionGuid = {923BED5E-E502-496F-886F-E542B1859432}
	EndGlobalSection
EndGlobal
